// !$*UTF8*$!
{
	archiveVersion = 1;
	classes = {
	};
	objectVersion = 50;
	objects = {

/* Begin PBXBuildFile section */
		EE98DA4226AEBFC900643559 /* main.cpp in Sources */ = {isa = PBXBuildFile; fileRef = EE98DA4126AEBFC900643559 /* main.cpp */; };
		EE98DA4B26AEC11800643559 /* libvulkan.1.dylib in Frameworks */ = {isa = PBXBuildFile; fileRef = EE98DA4926AEC11800643559 /* libvulkan.1.dylib */; };
		EE98DA4C26AEC11800643559 /* libvulkan.1.2.182.dylib in Frameworks */ = {isa = PBXBuildFile; fileRef = EE98DA4A26AEC11800643559 /* libvulkan.1.2.182.dylib */; };
		EE98DA4E26AEC15300643559 /* libglfw.3.3.dylib in Frameworks */ = {isa = PBXBuildFile; fileRef = EE98DA4D26AEC15300643559 /* libglfw.3.3.dylib */; };
		EE98DA5026AEC17200643559 /* libglfw.3.3.dylib in CopyFiles */ = {isa = PBXBuildFile; fileRef = EE98DA4F26AEC17200643559 /* libglfw.3.3.dylib */; };
		EE98DA5326AEC18500643559 /* libvulkan.1.dylib in CopyFiles */ = {isa = PBXBuildFile; fileRef = EE98DA5126AEC18500643559 /* libvulkan.1.dylib */; };
		EE98DA5426AEC18500643559 /* libvulkan.1.2.182.dylib in CopyFiles */ = {isa = PBXBuildFile; fileRef = EE98DA5226AEC18500643559 /* libvulkan.1.2.182.dylib */; };
/* End PBXBuildFile section */

/* Begin PBXCopyFilesBuildPhase section */
		EE98DA3C26AEBFC900643559 /* CopyFiles */ = {
			isa = PBXCopyFilesBuildPhase;
			buildActionMask = 12;
			dstPath = "";
			dstSubfolderSpec = 10;
			files = (
				EE98DA5026AEC17200643559 /* libglfw.3.3.dylib in CopyFiles */,
				EE98DA5326AEC18500643559 /* libvulkan.1.dylib in CopyFiles */,
				EE98DA5426AEC18500643559 /* libvulkan.1.2.182.dylib in CopyFiles */,
			);
			runOnlyForDeploymentPostprocessing = 0;
		};
/* End PBXCopyFilesBuildPhase section */

/* Begin PBXFileReference section */
		EE98DA3E26AEBFC900643559 /* VulkanTest */ = {isa = PBXFileReference; explicitFileType = "compiled.mach-o.executable"; includeInIndex = 0; path = VulkanTest; sourceTree = BUILT_PRODUCTS_DIR; };
		EE98DA4126AEBFC900643559 /* main.cpp */ = {isa = PBXFileReference; lastKnownFileType = sourcecode.cpp.cpp; path = main.cpp; sourceTree = "<group>"; };
		EE98DA4926AEC11800643559 /* libvulkan.1.dylib */ = {isa = PBXFileReference; lastKnownFileType = "compiled.mach-o.dylib"; name = libvulkan.1.dylib; path = ../../../../Applications/Development/VulkanSDK/macOS/lib/libvulkan.1.dylib; sourceTree = "<group>"; };
		EE98DA4A26AEC11800643559 /* libvulkan.1.2.182.dylib */ = {isa = PBXFileReference; lastKnownFileType = "compiled.mach-o.dylib"; name = libvulkan.1.2.182.dylib; path = ../../../../Applications/Development/VulkanSDK/macOS/lib/libvulkan.1.2.182.dylib; sourceTree = "<group>"; };
		EE98DA4D26AEC15300643559 /* libglfw.3.3.dylib */ = {isa = PBXFileReference; lastKnownFileType = "compiled.mach-o.dylib"; name = libglfw.3.3.dylib; path = ../../../../usr/local/lib/libglfw.3.3.dylib; sourceTree = "<group>"; };
		EE98DA4F26AEC17200643559 /* libglfw.3.3.dylib */ = {isa = PBXFileReference; lastKnownFileType = "compiled.mach-o.dylib"; name = libglfw.3.3.dylib; path = ../../../../usr/local/lib/libglfw.3.3.dylib; sourceTree = "<group>"; };
		EE98DA5126AEC18500643559 /* libvulkan.1.dylib */ = {isa = PBXFileReference; lastKnownFileType = "compiled.mach-o.dylib"; name = libvulkan.1.dylib; path = ../../../../Applications/Development/VulkanSDK/macOS/lib/libvulkan.1.dylib; sourceTree = "<group>"; };
		EE98DA5226AEC18500643559 /* libvulkan.1.2.182.dylib */ = {isa = PBXFileReference; lastKnownFileType = "compiled.mach-o.dylib"; name = libvulkan.1.2.182.dylib; path = ../../../../Applications/Development/VulkanSDK/macOS/lib/libvulkan.1.2.182.dylib; sourceTree = "<group>"; };
/* End PBXFileReference section */

/* Begin PBXFrameworksBuildPhase section */
		EE98DA3B26AEBFC900643559 /* Frameworks */ = {
			isa = PBXFrameworksBuildPhase;
			buildActionMask = 2147483647;
			files = (
				EE98DA4E26AEC15300643559 /* libglfw.3.3.dylib in Frameworks */,
				EE98DA4B26AEC11800643559 /* libvulkan.1.dylib in Frameworks */,
				EE98DA4C26AEC11800643559 /* libvulkan.1.2.182.dylib in Frameworks */,
			);
			runOnlyForDeploymentPostprocessing = 0;
		};
/* End PBXFrameworksBuildPhase section */

/* Begin PBXGroup section */
		EE98DA3526AEBFC900643559 = {
			isa = PBXGroup;
			children = (
				EE98DA5226AEC18500643559 /* libvulkan.1.2.182.dylib */,
				EE98DA5126AEC18500643559 /* libvulkan.1.dylib */,
				EE98DA4F26AEC17200643559 /* libglfw.3.3.dylib */,
				EE98DA4026AEBFC900643559 /* VulkanTest */,
				EE98DA3F26AEBFC900643559 /* Products */,
				EE98DA4826AEC11800643559 /* Frameworks */,
			);
			sourceTree = "<group>";
		};
		EE98DA3F26AEBFC900643559 /* Products */ = {
			isa = PBXGroup;
			children = (
				EE98DA3E26AEBFC900643559 /* VulkanTest */,
			);
			name = Products;
			sourceTree = "<group>";
		};
		EE98DA4026AEBFC900643559 /* VulkanTest */ = {
			isa = PBXGroup;
			children = (
				EE98DA4126AEBFC900643559 /* main.cpp */,
			);
			path = VulkanTest;
			sourceTree = "<group>";
		};
		EE98DA4826AEC11800643559 /* Frameworks */ = {
			isa = PBXGroup;
			children = (
				EE98DA4D26AEC15300643559 /* libglfw.3.3.dylib */,
				EE98DA4A26AEC11800643559 /* libvulkan.1.2.182.dylib */,
				EE98DA4926AEC11800643559 /* libvulkan.1.dylib */,
			);
			name = Frameworks;
			sourceTree = "<group>";
		};
/* End PBXGroup section */

/* Begin PBXNativeTarget section */
		EE98DA3D26AEBFC900643559 /* VulkanTest */ = {
			isa = PBXNativeTarget;
			buildConfigurationList = EE98DA4526AEBFC900643559 /* Build configuration list for PBXNativeTarget "VulkanTest" */;
			buildPhases = (
				EE98DA3A26AEBFC900643559 /* Sources */,
				EE98DA3B26AEBFC900643559 /* Frameworks */,
				EE98DA3C26AEBFC900643559 /* CopyFiles */,
			);
			buildRules = (
			);
			dependencies = (
			);
			name = VulkanTest;
			productName = VulkanTest;
			productReference = EE98DA3E26AEBFC900643559 /* VulkanTest */;
			productType = "com.apple.product-type.tool";
		};
/* End PBXNativeTarget section */

/* Begin PBXProject section */
		EE98DA3626AEBFC900643559 /* Project object */ = {
			isa = PBXProject;
			attributes = {
				LastUpgradeCheck = 1250;
				TargetAttributes = {
					EE98DA3D26AEBFC900643559 = {
						CreatedOnToolsVersion = 12.5.1;
					};
				};
			};
			buildConfigurationList = EE98DA3926AEBFC900643559 /* Build configuration list for PBXProject "VulkanTest" */;
			compatibilityVersion = "Xcode 9.3";
			developmentRegion = en;
			hasScannedForEncodings = 0;
			knownRegions = (
				en,
				Base,
			);
			mainGroup = EE98DA3526AEBFC900643559;
			productRefGroup = EE98DA3F26AEBFC900643559 /* Products */;
			projectDirPath = "";
			projectRoot = "";
			targets = (
				EE98DA3D26AEBFC900643559 /* VulkanTest */,
			);
		};
/* End PBXProject section */

/* Begin PBXSourcesBuildPhase section */
		EE98DA3A26AEBFC900643559 /* Sources */ = {
			isa = PBXSourcesBuildPhase;
			buildActionMask = 2147483647;
			files = (
				EE98DA4226AEBFC900643559 /* main.cpp in Sources */,
			);
			runOnlyForDeploymentPostprocessing = 0;
		};
/* End PBXSourcesBuildPhase section */

/* Begin XCBuildConfiguration section */
		EE98DA4326AEBFC900643559 /* Debug */ = {
			isa = XCBuildConfiguration;
			buildSettings = {
				ALWAYS_SEARCH_USER_PATHS = NO;
				CLANG_ANALYZER_NONNULL = YES;
				CLANG_ANALYZER_NUMBER_OBJECT_CONVERSION = YES_AGGRESSIVE;
				CLANG_CXX_LANGUAGE_STANDARD = "gnu++14";
				CLANG_CXX_LIBRARY = "libc++";
				CLANG_ENABLE_MODULES = YES;
				CLANG_ENABLE_OBJC_ARC = YES;
				CLANG_ENABLE_OBJC_WEAK = YES;
				CLANG_WARN_BLOCK_CAPTURE_AUTORELEASING = YES;
				CLANG_WARN_BOOL_CONVERSION = YES;
				CLANG_WARN_COMMA = YES;
				CLANG_WARN_CONSTANT_CONVERSION = YES;
				CLANG_WARN_DEPRECATED_OBJC_IMPLEMENTATIONS = YES;
				CLANG_WARN_DIRECT_OBJC_ISA_USAGE = YES_ERROR;
				CLANG_WARN_DOCUMENTATION_COMMENTS = YES;
				CLANG_WARN_EMPTY_BODY = YES;
				CLANG_WARN_ENUM_CONVERSION = YES;
				CLANG_WARN_INFINITE_RECURSION = YES;
				CLANG_WARN_INT_CONVERSION = YES;
				CLANG_WARN_NON_LITERAL_NULL_CONVERSION = YES;
				CLANG_WARN_OBJC_IMPLICIT_RETAIN_SELF = YES;
				CLANG_WARN_OBJC_LITERAL_CONVERSION = YES;
				CLANG_WARN_OBJC_ROOT_CLASS = YES_ERROR;
				CLANG_WARN_QUOTED_INCLUDE_IN_FRAMEWORK_HEADER = YES;
				CLANG_WARN_RANGE_LOOP_ANALYSIS = YES;
				CLANG_WARN_STRICT_PROTOTYPES = YES;
				CLANG_WARN_SUSPICIOUS_MOVE = YES;
				CLANG_WARN_UNGUARDED_AVAILABILITY = YES_AGGRESSIVE;
				CLANG_WARN_UNREACHABLE_CODE = YES;
				CLANG_WARN__DUPLICATE_METHOD_MATCH = YES;
				COPY_PHASE_STRIP = NO;
				DEBUG_INFORMATION_FORMAT = dwarf;
				ENABLE_STRICT_OBJC_MSGSEND = YES;
				ENABLE_TESTABILITY = YES;
				GCC_C_LANGUAGE_STANDARD = gnu11;
				GCC_DYNAMIC_NO_PIC = NO;
				GCC_NO_COMMON_BLOCKS = YES;
				GCC_OPTIMIZATION_LEVEL = 0;
				GCC_PREPROCESSOR_DEFINITIONS = (
					"DEBUG=1",
					"$(inherited)",
				);
				GCC_WARN_64_TO_32_BIT_CONVERSION = YES;
				GCC_WARN_ABOUT_RETURN_TYPE = YES_ERROR;
				GCC_WARN_UNDECLARED_SELECTOR = YES;
				GCC_WARN_UNINITIALIZED_AUTOS = YES_AGGRESSIVE;
				GCC_WARN_UNUSED_FUNCTION = YES;
				GCC_WARN_UNUSED_VARIABLE = YES;
				MACOSX_DEPLOYMENT_TARGET = 11.3;
				MTL_ENABLE_DEBUG_INFO = INCLUDE_SOURCE;
				MTL_FAST_MATH = YES;
				ONLY_ACTIVE_ARCH = YES;
				SDKROOT = macosx;
			};
			name = Debug;
		};
		EE98DA4426AEBFC900643559 /* Release */ = {
			isa = XCBuildConfiguration;
			buildSettings = {
				ALWAYS_SEARCH_USER_PATHS = NO;
				CLANG_ANALYZER_NONNULL = YES;
				CLANG_ANALYZER_NUMBER_OBJECT_CONVERSION = YES_AGGRESSIVE;
				CLANG_CXX_LANGUAGE_STANDARD = "gnu++14";
				CLANG_CXX_LIBRARY = "libc++";
				CLANG_ENABLE_MODULES = YES;
				CLANG_ENABLE_OBJC_ARC = YES;
				CLANG_ENABLE_OBJC_WEAK = YES;
				CLANG_WARN_BLOCK_CAPTURE_AUTORELEASING = YES;
				CLANG_WARN_BOOL_CONVERSION = YES;
				CLANG_WARN_COMMA = YES;
				CLANG_WARN_CONSTANT_CONVERSION = YES;
				CLANG_WARN_DEPRECATED_OBJC_IMPLEMENTATIONS = YES;
				CLANG_WARN_DIRECT_OBJC_ISA_USAGE = YES_ERROR;
				CLANG_WARN_DOCUMENTATION_COMMENTS = YES;
				CLANG_WARN_EMPTY_BODY = YES;
				CLANG_WARN_ENUM_CONVERSION = YES;
				CLANG_WARN_INFINITE_RECURSION = YES;
				CLANG_WARN_INT_CONVERSION = YES;
				CLANG_WARN_NON_LITERAL_NULL_CONVERSION = YES;
				CLANG_WARN_OBJC_IMPLICIT_RETAIN_SELF = YES;
				CLANG_WARN_OBJC_LITERAL_CONVERSION = YES;
				CLANG_WARN_OBJC_ROOT_CLASS = YES_ERROR;
				CLANG_WARN_QUOTED_INCLUDE_IN_FRAMEWORK_HEADER = YES;
				CLANG_WARN_RANGE_LOOP_ANALYSIS = YES;
				CLANG_WARN_STRICT_PROTOTYPES = YES;
				CLANG_WARN_SUSPICIOUS_MOVE = YES;
				CLANG_WARN_UNGUARDED_AVAILABILITY = YES_AGGRESSIVE;
				CLANG_WARN_UNREACHABLE_CODE = YES;
				CLANG_WARN__DUPLICATE_METHOD_MATCH = YES;
				COPY_PHASE_STRIP = NO;
				DEBUG_INFORMATION_FORMAT = "dwarf-with-dsym";
				ENABLE_NS_ASSERTIONS = NO;
				ENABLE_STRICT_OBJC_MSGSEND = YES;
				GCC_C_LANGUAGE_STANDARD = gnu11;
				GCC_NO_COMMON_BLOCKS = YES;
				GCC_WARN_64_TO_32_BIT_CONVERSION = YES;
				GCC_WARN_ABOUT_RETURN_TYPE = YES_ERROR;
				GCC_WARN_UNDECLARED_SELECTOR = YES;
				GCC_WARN_UNINITIALIZED_AUTOS = YES_AGGRESSIVE;
				GCC_WARN_UNUSED_FUNCTION = YES;
				GCC_WARN_UNUSED_VARIABLE = YES;
				MACOSX_DEPLOYMENT_TARGET = 11.3;
				MTL_ENABLE_DEBUG_INFO = NO;
				MTL_FAST_MATH = YES;
				SDKROOT = macosx;
			};
			name = Release;
		};
		EE98DA4626AEBFC900643559 /* Debug */ = {
			isa = XCBuildConfiguration;
			buildSettings = {
				CODE_SIGN_STYLE = Automatic;
				HEADER_SEARCH_PATHS = (
					/usr/local/include,
					/Applications/Development/VulkanSDK/macOS/include,
				);
				LIBRARY_SEARCH_PATHS = (
					/Applications/Development/VulkanSDK/macOS/lib,
					/usr/local/lib,
				);
				PRODUCT_NAME = "$(TARGET_NAME)";
			};
			name = Debug;
		};
		EE98DA4726AEBFC900643559 /* Release */ = {
			isa = XCBuildConfiguration;
			buildSettings = {
				CODE_SIGN_STYLE = Automatic;
				HEADER_SEARCH_PATHS = (
					/usr/local/include,
					/Applications/Development/VulkanSDK/macOS/include,
				);
				LIBRARY_SEARCH_PATHS = (
					/Applications/Development/VulkanSDK/macOS/lib,
					/usr/local/lib,
				);
				PRODUCT_NAME = "$(TARGET_NAME)";
			};
			name = Release;
		};
/* End XCBuildConfiguration section */

/* Begin XCConfigurationList section */
		EE98DA3926AEBFC900643559 /* Build configuration list for PBXProject "VulkanTest" */ = {
			isa = XCConfigurationList;
			buildConfigurations = (
				EE98DA4326AEBFC900643559 /* Debug */,
				EE98DA4426AEBFC900643559 /* Release */,
			);
			defaultConfigurationIsVisible = 0;
			defaultConfigurationName = Release;
		};
		EE98DA4526AEBFC900643559 /* Build configuration list for PBXNativeTarget "VulkanTest" */ = {
			isa = XCConfigurationList;
			buildConfigurations = (
				EE98DA4626AEBFC900643559 /* Debug */,
				EE98DA4726AEBFC900643559 /* Release */,
			);
			defaultConfigurationIsVisible = 0;
			defaultConfigurationName = Release;
		};
/* End XCConfigurationList section */
	};
	rootObject = EE98DA3626AEBFC900643559 /* Project object */;
}
